
Microsoft Visual Studio Solution File, Format Version 12.00
# Visual Studio Version 16
VisualStudioVersion = 16.0.31624.102
MinimumVisualStudioVersion = 10.0.40219.1
Project("{FAE04EC0-301F-11D3-BF4B-00C04F79EFBC}") = "Wasted.Android", "Wasted.Android\Wasted.Android.csproj", "{601790DC-919F-45F0-88A8-C34AB2A121D7}"
EndProject
Project("{FAE04EC0-301F-11D3-BF4B-00C04F79EFBC}") = "Wasted.iOS", "Wasted.iOS\Wasted.iOS.csproj", "{CE376137-ADA2-4CE8-9363-0D16B4903627}"
EndProject
Project("{9A19103F-16F7-4668-BE54-9A1E7A4F7556}") = "Wasted", "Wasted\Wasted.csproj", "{CD72773B-6891-4AF8-9F2C-DF849075C540}"
EndProject
Project("{9A19103F-16F7-4668-BE54-9A1E7A4F7556}") = "DataAPI", "DataAPI\DataAPI.csproj", "{80011834-817A-4FE0-ABD9-02C704424F83}"
EndProject
Project("{FAE04EC0-301F-11D3-BF4B-00C04F79EFBC}") = "Wasted.UnitTests", "Wasted.UnitTests\Wasted.UnitTests.csproj", "{B92582F5-85F2-493A-B529-B88D0772994A}"
EndProject
Project("{FAE04EC0-301F-11D3-BF4B-00C04F79EFBC}") = "DataAPI.Tests", "DataAPI.Tests\DataAPI.Tests.csproj", "{96E8D7BB-92A8-4DF7-9D08-A46CF1FDDFE9}"
EndProject
Global
	GlobalSection(SolutionConfigurationPlatforms) = preSolution
		Debug|Any CPU = Debug|Any CPU
		Debug|iPhone = Debug|iPhone
		Debug|iPhoneSimulator = Debug|iPhoneSimulator
		Release|Any CPU = Release|Any CPU
		Release|iPhone = Release|iPhone
		Release|iPhoneSimulator = Release|iPhoneSimulator
	EndGlobalSection
	GlobalSection(ProjectConfigurationPlatforms) = postSolution
		{601790DC-919F-45F0-88A8-C34AB2A121D7}.Debug|Any CPU.ActiveCfg = Debug|Any CPU
		{601790DC-919F-45F0-88A8-C34AB2A121D7}.Debug|Any CPU.Build.0 = Debug|Any CPU
		{601790DC-919F-45F0-88A8-C34AB2A121D7}.Debug|Any CPU.Deploy.0 = Debug|Any CPU
		{601790DC-919F-45F0-88A8-C34AB2A121D7}.Debug|iPhone.ActiveCfg = Debug|Any CPU
		{601790DC-919F-45F0-88A8-C34AB2A121D7}.Debug|iPhone.Build.0 = Debug|Any CPU
		{601790DC-919F-45F0-88A8-C34AB2A121D7}.Debug|iPhone.Deploy.0 = Debug|Any CPU
		{601790DC-919F-45F0-88A8-C34AB2A121D7}.Debug|iPhoneSimulator.ActiveCfg = Debug|Any CPU
		{601790DC-919F-45F0-88A8-C34AB2A121D7}.Debug|iPhoneSimulator.Build.0 = Debug|Any CPU
		{601790DC-919F-45F0-88A8-C34AB2A121D7}.Debug|iPhoneSimulator.Deploy.0 = Debug|Any CPU
		{601790DC-919F-45F0-88A8-C34AB2A121D7}.Release|Any CPU.ActiveCfg = Release|Any CPU
		{601790DC-919F-45F0-88A8-C34AB2A121D7}.Release|Any CPU.Build.0 = Release|Any CPU
		{601790DC-919F-45F0-88A8-C34AB2A121D7}.Release|Any CPU.Deploy.0 = Release|Any CPU
		{601790DC-919F-45F0-88A8-C34AB2A121D7}.Release|iPhone.ActiveCfg = Release|Any CPU
		{601790DC-919F-45F0-88A8-C34AB2A121D7}.Release|iPhone.Build.0 = Release|Any CPU
		{601790DC-919F-45F0-88A8-C34AB2A121D7}.Release|iPhone.Deploy.0 = Release|Any CPU
		{601790DC-919F-45F0-88A8-C34AB2A121D7}.Release|iPhoneSimulator.ActiveCfg = Release|Any CPU
		{601790DC-919F-45F0-88A8-C34AB2A121D7}.Release|iPhoneSimulator.Build.0 = Release|Any CPU
		{601790DC-919F-45F0-88A8-C34AB2A121D7}.Release|iPhoneSimulator.Deploy.0 = Release|Any CPU
		{CE376137-ADA2-4CE8-9363-0D16B4903627}.Debug|Any CPU.ActiveCfg = Debug|iPhone
		{CE376137-ADA2-4CE8-9363-0D16B4903627}.Debug|Any CPU.Build.0 = Debug|iPhone
		{CE376137-ADA2-4CE8-9363-0D16B4903627}.Debug|Any CPU.Deploy.0 = Debug|iPhone
		{CE376137-ADA2-4CE8-9363-0D16B4903627}.Debug|iPhone.ActiveCfg = Debug|iPhone
		{CE376137-ADA2-4CE8-9363-0D16B4903627}.Debug|iPhone.Build.0 = Debug|iPhone
		{CE376137-ADA2-4CE8-9363-0D16B4903627}.Debug|iPhone.Deploy.0 = Debug|iPhone
		{CE376137-ADA2-4CE8-9363-0D16B4903627}.Debug|iPhoneSimulator.ActiveCfg = Debug|iPhoneSimulator
		{CE376137-ADA2-4CE8-9363-0D16B4903627}.Debug|iPhoneSimulator.Build.0 = Debug|iPhoneSimulator
		{CE376137-ADA2-4CE8-9363-0D16B4903627}.Debug|iPhoneSimulator.Deploy.0 = Debug|iPhoneSimulator
		{CE376137-ADA2-4CE8-9363-0D16B4903627}.Release|Any CPU.ActiveCfg = Release|iPhoneSimulator
		{CE376137-ADA2-4CE8-9363-0D16B4903627}.Release|Any CPU.Build.0 = Release|iPhoneSimulator
		{CE376137-ADA2-4CE8-9363-0D16B4903627}.Release|Any CPU.Deploy.0 = Release|iPhoneSimulator
		{CE376137-ADA2-4CE8-9363-0D16B4903627}.Release|iPhone.ActiveCfg = Release|iPhone
		{CE376137-ADA2-4CE8-9363-0D16B4903627}.Release|iPhone.Build.0 = Release|iPhone
		{CE376137-ADA2-4CE8-9363-0D16B4903627}.Release|iPhone.Deploy.0 = Release|iPhone
		{CE376137-ADA2-4CE8-9363-0D16B4903627}.Release|iPhoneSimulator.ActiveCfg = Release|iPhoneSimulator
		{CE376137-ADA2-4CE8-9363-0D16B4903627}.Release|iPhoneSimulator.Build.0 = Release|iPhoneSimulator
		{CE376137-ADA2-4CE8-9363-0D16B4903627}.Release|iPhoneSimulator.Deploy.0 = Release|iPhoneSimulator
		{CD72773B-6891-4AF8-9F2C-DF849075C540}.Debug|Any CPU.ActiveCfg = Debug|Any CPU
		{CD72773B-6891-4AF8-9F2C-DF849075C540}.Debug|Any CPU.Build.0 = Debug|Any CPU
		{CD72773B-6891-4AF8-9F2C-DF849075C540}.Debug|Any CPU.Deploy.0 = Debug|Any CPU
		{CD72773B-6891-4AF8-9F2C-DF849075C540}.Debug|iPhone.ActiveCfg = Debug|Any CPU
		{CD72773B-6891-4AF8-9F2C-DF849075C540}.Debug|iPhone.Build.0 = Debug|Any CPU
		{CD72773B-6891-4AF8-9F2C-DF849075C540}.Debug|iPhone.Deploy.0 = Debug|Any CPU
		{CD72773B-6891-4AF8-9F2C-DF849075C540}.Debug|iPhoneSimulator.ActiveCfg = Debug|Any CPU
		{CD72773B-6891-4AF8-9F2C-DF849075C540}.Debug|iPhoneSimulator.Build.0 = Debug|Any CPU
		{CD72773B-6891-4AF8-9F2C-DF849075C540}.Debug|iPhoneSimulator.Deploy.0 = Debug|Any CPU
		{CD72773B-6891-4AF8-9F2C-DF849075C540}.Release|Any CPU.ActiveCfg = Release|Any CPU
		{CD72773B-6891-4AF8-9F2C-DF849075C540}.Release|Any CPU.Build.0 = Release|Any CPU
		{CD72773B-6891-4AF8-9F2C-DF849075C540}.Release|Any CPU.Deploy.0 = Release|Any CPU
		{CD72773B-6891-4AF8-9F2C-DF849075C540}.Release|iPhone.ActiveCfg = Release|Any CPU
		{CD72773B-6891-4AF8-9F2C-DF849075C540}.Release|iPhone.Build.0 = Release|Any CPU
		{CD72773B-6891-4AF8-9F2C-DF849075C540}.Release|iPhone.Deploy.0 = Release|Any CPU
		{CD72773B-6891-4AF8-9F2C-DF849075C540}.Release|iPhoneSimulator.ActiveCfg = Release|Any CPU
		{CD72773B-6891-4AF8-9F2C-DF849075C540}.Release|iPhoneSimulator.Build.0 = Release|Any CPU
		{CD72773B-6891-4AF8-9F2C-DF849075C540}.Release|iPhoneSimulator.Deploy.0 = Release|Any CPU
		{80011834-817A-4FE0-ABD9-02C704424F83}.Debug|Any CPU.ActiveCfg = Debug|Any CPU
		{80011834-817A-4FE0-ABD9-02C704424F83}.Debug|Any CPU.Build.0 = Debug|Any CPU
		{80011834-817A-4FE0-ABD9-02C704424F83}.Debug|iPhone.ActiveCfg = Debug|Any CPU
		{80011834-817A-4FE0-ABD9-02C704424F83}.Debug|iPhone.Build.0 = Debug|Any CPU
		{80011834-817A-4FE0-ABD9-02C704424F83}.Debug|iPhoneSimulator.ActiveCfg = Debug|Any CPU
		{80011834-817A-4FE0-ABD9-02C704424F83}.Debug|iPhoneSimulator.Build.0 = Debug|Any CPU
		{80011834-817A-4FE0-ABD9-02C704424F83}.Release|Any CPU.ActiveCfg = Release|Any CPU
		{80011834-817A-4FE0-ABD9-02C704424F83}.Release|Any CPU.Build.0 = Release|Any CPU
		{80011834-817A-4FE0-ABD9-02C704424F83}.Release|iPhone.ActiveCfg = Release|Any CPU
		{80011834-817A-4FE0-ABD9-02C704424F83}.Release|iPhone.Build.0 = Release|Any CPU
		{80011834-817A-4FE0-ABD9-02C704424F83}.Release|iPhoneSimulator.ActiveCfg = Release|Any CPU
		{80011834-817A-4FE0-ABD9-02C704424F83}.Release|iPhoneSimulator.Build.0 = Release|Any CPU
		{B92582F5-85F2-493A-B529-B88D0772994A}.Debug|Any CPU.ActiveCfg = Debug|Any CPU
		{B92582F5-85F2-493A-B529-B88D0772994A}.Debug|Any CPU.Build.0 = Debug|Any CPU
		{B92582F5-85F2-493A-B529-B88D0772994A}.Debug|iPhone.ActiveCfg = Debug|Any CPU
		{B92582F5-85F2-493A-B529-B88D0772994A}.Debug|iPhone.Build.0 = Debug|Any CPU
		{B92582F5-85F2-493A-B529-B88D0772994A}.Debug|iPhoneSimulator.ActiveCfg = Debug|Any CPU
		{B92582F5-85F2-493A-B529-B88D0772994A}.Debug|iPhoneSimulator.Build.0 = Debug|Any CPU
		{B92582F5-85F2-493A-B529-B88D0772994A}.Release|Any CPU.ActiveCfg = Release|Any CPU
		{B92582F5-85F2-493A-B529-B88D0772994A}.Release|Any CPU.Build.0 = Release|Any CPU
		{B92582F5-85F2-493A-B529-B88D0772994A}.Release|iPhone.ActiveCfg = Release|Any CPU
		{B92582F5-85F2-493A-B529-B88D0772994A}.Release|iPhone.Build.0 = Release|Any CPU
		{B92582F5-85F2-493A-B529-B88D0772994A}.Release|iPhoneSimulator.ActiveCfg = Release|Any CPU
		{B92582F5-85F2-493A-B529-B88D0772994A}.Release|iPhoneSimulator.Build.0 = Release|Any CPU
		{96E8D7BB-92A8-4DF7-9D08-A46CF1FDDFE9}.Debug|Any CPU.ActiveCfg = Debug|Any CPU
		{96E8D7BB-92A8-4DF7-9D08-A46CF1FDDFE9}.Debug|Any CPU.Build.0 = Debug|Any CPU
		{96E8D7BB-92A8-4DF7-9D08-A46CF1FDDFE9}.Debug|iPhone.ActiveCfg = Debug|Any CPU
		{96E8D7BB-92A8-4DF7-9D08-A46CF1FDDFE9}.Debug|iPhone.Build.0 = Debug|Any CPU
		{96E8D7BB-92A8-4DF7-9D08-A46CF1FDDFE9}.Debug|iPhoneSimulator.ActiveCfg = Debug|Any CPU
		{96E8D7BB-92A8-4DF7-9D08-A46CF1FDDFE9}.Debug|iPhoneSimulator.Build.0 = Debug|Any CPU
		{96E8D7BB-92A8-4DF7-9D08-A46CF1FDDFE9}.Release|Any CPU.ActiveCfg = Release|Any CPU
		{96E8D7BB-92A8-4DF7-9D08-A46CF1FDDFE9}.Release|Any CPU.Build.0 = Release|Any CPU
		{96E8D7BB-92A8-4DF7-9D08-A46CF1FDDFE9}.Release|iPhone.ActiveCfg = Release|Any CPU
		{96E8D7BB-92A8-4DF7-9D08-A46CF1FDDFE9}.Release|iPhone.Build.0 = Release|Any CPU
		{96E8D7BB-92A8-4DF7-9D08-A46CF1FDDFE9}.Release|iPhoneSimulator.ActiveCfg = Release|Any CPU
		{96E8D7BB-92A8-4DF7-9D08-A46CF1FDDFE9}.Release|iPhoneSimulator.Build.0 = Release|Any CPU
	EndGlobalSection
	GlobalSection(SolutionProperties) = preSolution
		HideSolutionNode = FALSE
	EndGlobalSection
	GlobalSection(ExtensibilityGlobals) = postSolution
		SolutionGuid = {8AA5B402-3716-4C93-8A6B-92E3E5FFDFAD}
	EndGlobalSection
EndGlobal
